
Microsoft Visual Studio Solution File, Format Version 12.00
# Visual Studio Version 16
VisualStudioVersion = 16.0.29403.142
MinimumVisualStudioVersion = 10.0.40219.1
Project("{9A19103F-16F7-4668-BE54-9A1E7A4F7556}") = "WebApi", "WebApi\WebApi.csproj", "{1F0901B3-9792-45FB-BC70-F4E017D750A7}"
EndProject
Project("{9A19103F-16F7-4668-BE54-9A1E7A4F7556}") = "GrpcService", "GrpcService\GrpcService.csproj", "{33002CE4-0021-4408-991F-97D8D3700ADD}"
EndProject
Project("{9A19103F-16F7-4668-BE54-9A1E7A4F7556}") = "GrpcServiceConsoleApp", "GrpcServiceConsoleApp\GrpcServiceConsoleApp.csproj", "{3B7558D1-FF21-4106-890F-F242246CDC1E}"
EndProject
Project("{9A19103F-16F7-4668-BE54-9A1E7A4F7556}") = "Test", "Test\Test.csproj", "{1635FAAF-C75D-41BE-A005-5632A980A5AF}"
EndProject
Project("{2150E333-8FDC-42A3-9474-1A3956D46DE8}") = "server", "server", "{C7B1B947-C04B-471F-A2C3-28662548B444}"
EndProject
Global
	GlobalSection(SolutionConfigurationPlatforms) = preSolution
		Debug|Any CPU = Debug|Any CPU
		Release|Any CPU = Release|Any CPU
	EndGlobalSection
	GlobalSection(ProjectConfigurationPlatforms) = postSolution
		{1F0901B3-9792-45FB-BC70-F4E017D750A7}.Debug|Any CPU.ActiveCfg = Debug|Any CPU
		{1F0901B3-9792-45FB-BC70-F4E017D750A7}.Debug|Any CPU.Build.0 = Debug|Any CPU
		{1F0901B3-9792-45FB-BC70-F4E017D750A7}.Release|Any CPU.ActiveCfg = Release|Any CPU
		{1F0901B3-9792-45FB-BC70-F4E017D750A7}.Release|Any CPU.Build.0 = Release|Any CPU
		{33002CE4-0021-4408-991F-97D8D3700ADD}.Debug|Any CPU.ActiveCfg = Debug|Any CPU
		{33002CE4-0021-4408-991F-97D8D3700ADD}.Debug|Any CPU.Build.0 = Debug|Any CPU
		{33002CE4-0021-4408-991F-97D8D3700ADD}.Release|Any CPU.ActiveCfg = Release|Any CPU
		{33002CE4-0021-4408-991F-97D8D3700ADD}.Release|Any CPU.Build.0 = Release|Any CPU
		{3B7558D1-FF21-4106-890F-F242246CDC1E}.Debug|Any CPU.ActiveCfg = Debug|Any CPU
		{3B7558D1-FF21-4106-890F-F242246CDC1E}.Debug|Any CPU.Build.0 = Debug|Any CPU
		{3B7558D1-FF21-4106-890F-F242246CDC1E}.Release|Any CPU.ActiveCfg = Release|Any CPU
		{3B7558D1-FF21-4106-890F-F242246CDC1E}.Release|Any CPU.Build.0 = Release|Any CPU
		{1635FAAF-C75D-41BE-A005-5632A980A5AF}.Debug|Any CPU.ActiveCfg = Debug|Any CPU
		{1635FAAF-C75D-41BE-A005-5632A980A5AF}.Debug|Any CPU.Build.0 = Debug|Any CPU
		{1635FAAF-C75D-41BE-A005-5632A980A5AF}.Release|Any CPU.ActiveCfg = Release|Any CPU
		{1635FAAF-C75D-41BE-A005-5632A980A5AF}.Release|Any CPU.Build.0 = Release|Any CPU
	EndGlobalSection
	GlobalSection(SolutionProperties) = preSolution
		HideSolutionNode = FALSE
	EndGlobalSection
	GlobalSection(NestedProjects) = preSolution
		{1F0901B3-9792-45FB-BC70-F4E017D750A7} = {C7B1B947-C04B-471F-A2C3-28662548B444}
		{33002CE4-0021-4408-991F-97D8D3700ADD} = {C7B1B947-C04B-471F-A2C3-28662548B444}
		{3B7558D1-FF21-4106-890F-F242246CDC1E} = {C7B1B947-C04B-471F-A2C3-28662548B444}
	EndGlobalSection
	GlobalSection(ExtensibilityGlobals) = postSolution
		SolutionGuid = {033E6DA4-FCC4-4884-99FC-E9671470093C}
	EndGlobalSection
EndGlobal
